
Microsoft Visual Studio Solution File, Format Version 12.00
# Visual Studio Version 17
VisualStudioVersion = 17.0.31903.59
MinimumVisualStudioVersion = 10.0.40219.1
Project("{2150E333-8FDC-42A3-9474-1A3956D46DE8}") = "src", "src", "{827E0CD3-B72D-47B6-A68D-7590B98EB39B}"
EndProject
Project("{F2A71F9B-5D33-465A-A702-920D77279786}") = "Fire", "src\Fire\Fire.fsproj", "{25A22B28-88B2-462A-BC22-55590B1A58C1}"
EndProject
Project("{2150E333-8FDC-42A3-9474-1A3956D46DE8}") = "tests", "tests", "{0AB3BF05-4346-4AA6-1389-037BE0695223}"
EndProject
Project("{F2A71F9B-5D33-465A-A702-920D77279786}") = "Fire.Tests", "tests\Fire.Tests\Fire.Tests.fsproj", "{929929C7-B511-4991-BB27-AEAC01F8AA48}"
EndProject
Project("{2150E333-8FDC-42A3-9474-1A3956D46DE8}") = "benchmarks", "benchmarks", "{66320409-64EC-F7C5-3DEF-65E7510DAAD1}"
EndProject
Project("{F2A71F9B-5D33-465A-A702-920D77279786}") = "Fire.Benchmarks", "benchmarks\Fire.Benchmarks\Fire.Benchmarks.fsproj", "{9E2E0533-57D0-4249-AF0A-B1B994FEEB87}"
EndProject
Project("{2150E333-8FDC-42A3-9474-1A3956D46DE8}") = "examples", "examples", "{B36A84DF-456D-A817-6EDD-3EC3E7F6E11F}"
EndProject
Project("{F2A71F9B-5D33-465A-A702-920D77279786}") = "blog-api", "examples\blog-api\blog-api.fsproj", "{7B3A5E30-3CEE-41E4-A676-70781F9C2511}"
EndProject
Project("{F2A71F9B-5D33-465A-A702-920D77279786}") = "todo-api", "examples\todo-api\todo-api.fsproj", "{F3A94DE2-1872-450C-B338-B0903B610885}"
EndProject
Project("{F2A71F9B-5D33-465A-A702-920D77279786}") = "url-shortener", "examples\url-shortener\url-shortener.fsproj", "{8FA1CDB2-A230-4CF4-845A-23E2AEADA0DD}"
EndProject
Project("{F2A71F9B-5D33-465A-A702-920D77279786}") = "todo-api.tests", "examples\todo-api.tests\todo-api.tests.fsproj", "{4797CE25-342E-4CDE-8530-E0639EAFF9AB}"
EndProject
Project("{F2A71F9B-5D33-465A-A702-920D77279786}") = "blog-api.tests", "examples\blog-api.tests\blog-api.tests.fsproj", "{4CD1B27C-AA9F-4EC2-846E-615BAA3F096E}"
EndProject
Project("{F2A71F9B-5D33-465A-A702-920D77279786}") = "url-shortener.tests", "examples\url-shortener.tests\url-shortener.tests.fsproj", "{DBB6B13A-5D21-4CE2-853A-82215AE58D6F}"
EndProject
Global
	GlobalSection(SolutionConfigurationPlatforms) = preSolution
		Debug|Any CPU = Debug|Any CPU
		Debug|x64 = Debug|x64
		Debug|x86 = Debug|x86
		Release|Any CPU = Release|Any CPU
		Release|x64 = Release|x64
		Release|x86 = Release|x86
	EndGlobalSection
	GlobalSection(ProjectConfigurationPlatforms) = postSolution
		{25A22B28-88B2-462A-BC22-55590B1A58C1}.Debug|Any CPU.ActiveCfg = Debug|Any CPU
		{25A22B28-88B2-462A-BC22-55590B1A58C1}.Debug|Any CPU.Build.0 = Debug|Any CPU
		{25A22B28-88B2-462A-BC22-55590B1A58C1}.Debug|x64.ActiveCfg = Debug|Any CPU
		{25A22B28-88B2-462A-BC22-55590B1A58C1}.Debug|x64.Build.0 = Debug|Any CPU
		{25A22B28-88B2-462A-BC22-55590B1A58C1}.Debug|x86.ActiveCfg = Debug|Any CPU
		{25A22B28-88B2-462A-BC22-55590B1A58C1}.Debug|x86.Build.0 = Debug|Any CPU
		{25A22B28-88B2-462A-BC22-55590B1A58C1}.Release|Any CPU.ActiveCfg = Release|Any CPU
		{25A22B28-88B2-462A-BC22-55590B1A58C1}.Release|Any CPU.Build.0 = Release|Any CPU
		{25A22B28-88B2-462A-BC22-55590B1A58C1}.Release|x64.ActiveCfg = Release|Any CPU
		{25A22B28-88B2-462A-BC22-55590B1A58C1}.Release|x64.Build.0 = Release|Any CPU
		{25A22B28-88B2-462A-BC22-55590B1A58C1}.Release|x86.ActiveCfg = Release|Any CPU
		{25A22B28-88B2-462A-BC22-55590B1A58C1}.Release|x86.Build.0 = Release|Any CPU
		{929929C7-B511-4991-BB27-AEAC01F8AA48}.Debug|Any CPU.ActiveCfg = Debug|Any CPU
		{929929C7-B511-4991-BB27-AEAC01F8AA48}.Debug|Any CPU.Build.0 = Debug|Any CPU
		{929929C7-B511-4991-BB27-AEAC01F8AA48}.Debug|x64.ActiveCfg = Debug|Any CPU
		{929929C7-B511-4991-BB27-AEAC01F8AA48}.Debug|x64.Build.0 = Debug|Any CPU
		{929929C7-B511-4991-BB27-AEAC01F8AA48}.Debug|x86.ActiveCfg = Debug|Any CPU
		{929929C7-B511-4991-BB27-AEAC01F8AA48}.Debug|x86.Build.0 = Debug|Any CPU
		{929929C7-B511-4991-BB27-AEAC01F8AA48}.Release|Any CPU.ActiveCfg = Release|Any CPU
		{929929C7-B511-4991-BB27-AEAC01F8AA48}.Release|Any CPU.Build.0 = Release|Any CPU
		{929929C7-B511-4991-BB27-AEAC01F8AA48}.Release|x64.ActiveCfg = Release|Any CPU
		{929929C7-B511-4991-BB27-AEAC01F8AA48}.Release|x64.Build.0 = Release|Any CPU
		{929929C7-B511-4991-BB27-AEAC01F8AA48}.Release|x86.ActiveCfg = Release|Any CPU
		{929929C7-B511-4991-BB27-AEAC01F8AA48}.Release|x86.Build.0 = Release|Any CPU
		{9E2E0533-57D0-4249-AF0A-B1B994FEEB87}.Debug|Any CPU.ActiveCfg = Debug|Any CPU
		{9E2E0533-57D0-4249-AF0A-B1B994FEEB87}.Debug|Any CPU.Build.0 = Debug|Any CPU
		{9E2E0533-57D0-4249-AF0A-B1B994FEEB87}.Debug|x64.ActiveCfg = Debug|Any CPU
		{9E2E0533-57D0-4249-AF0A-B1B994FEEB87}.Debug|x64.Build.0 = Debug|Any CPU
		{9E2E0533-57D0-4249-AF0A-B1B994FEEB87}.Debug|x86.ActiveCfg = Debug|Any CPU
		{9E2E0533-57D0-4249-AF0A-B1B994FEEB87}.Debug|x86.Build.0 = Debug|Any CPU
		{9E2E0533-57D0-4249-AF0A-B1B994FEEB87}.Release|Any CPU.ActiveCfg = Release|Any CPU
		{9E2E0533-57D0-4249-AF0A-B1B994FEEB87}.Release|Any CPU.Build.0 = Release|Any CPU
		{9E2E0533-57D0-4249-AF0A-B1B994FEEB87}.Release|x64.ActiveCfg = Release|Any CPU
		{9E2E0533-57D0-4249-AF0A-B1B994FEEB87}.Release|x64.Build.0 = Release|Any CPU
		{9E2E0533-57D0-4249-AF0A-B1B994FEEB87}.Release|x86.ActiveCfg = Release|Any CPU
		{9E2E0533-57D0-4249-AF0A-B1B994FEEB87}.Release|x86.Build.0 = Release|Any CPU
		{7B3A5E30-3CEE-41E4-A676-70781F9C2511}.Debug|Any CPU.ActiveCfg = Debug|Any CPU
		{7B3A5E30-3CEE-41E4-A676-70781F9C2511}.Debug|Any CPU.Build.0 = Debug|Any CPU
		{7B3A5E30-3CEE-41E4-A676-70781F9C2511}.Debug|x64.ActiveCfg = Debug|Any CPU
		{7B3A5E30-3CEE-41E4-A676-70781F9C2511}.Debug|x64.Build.0 = Debug|Any CPU
		{7B3A5E30-3CEE-41E4-A676-70781F9C2511}.Debug|x86.ActiveCfg = Debug|Any CPU
		{7B3A5E30-3CEE-41E4-A676-70781F9C2511}.Debug|x86.Build.0 = Debug|Any CPU
		{7B3A5E30-3CEE-41E4-A676-70781F9C2511}.Release|Any CPU.ActiveCfg = Release|Any CPU
		{7B3A5E30-3CEE-41E4-A676-70781F9C2511}.Release|Any CPU.Build.0 = Release|Any CPU
		{7B3A5E30-3CEE-41E4-A676-70781F9C2511}.Release|x64.ActiveCfg = Release|Any CPU
		{7B3A5E30-3CEE-41E4-A676-70781F9C2511}.Release|x64.Build.0 = Release|Any CPU
		{7B3A5E30-3CEE-41E4-A676-70781F9C2511}.Release|x86.ActiveCfg = Release|Any CPU
		{7B3A5E30-3CEE-41E4-A676-70781F9C2511}.Release|x86.Build.0 = Release|Any CPU
		{F3A94DE2-1872-450C-B338-B0903B610885}.Debug|Any CPU.ActiveCfg = Debug|Any CPU
		{F3A94DE2-1872-450C-B338-B0903B610885}.Debug|Any CPU.Build.0 = Debug|Any CPU
		{F3A94DE2-1872-450C-B338-B0903B610885}.Debug|x64.ActiveCfg = Debug|Any CPU
		{F3A94DE2-1872-450C-B338-B0903B610885}.Debug|x64.Build.0 = Debug|Any CPU
		{F3A94DE2-1872-450C-B338-B0903B610885}.Debug|x86.ActiveCfg = Debug|Any CPU
		{F3A94DE2-1872-450C-B338-B0903B610885}.Debug|x86.Build.0 = Debug|Any CPU
		{F3A94DE2-1872-450C-B338-B0903B610885}.Release|Any CPU.ActiveCfg = Release|Any CPU
		{F3A94DE2-1872-450C-B338-B0903B610885}.Release|Any CPU.Build.0 = Release|Any CPU
		{F3A94DE2-1872-450C-B338-B0903B610885}.Release|x64.ActiveCfg = Release|Any CPU
		{F3A94DE2-1872-450C-B338-B0903B610885}.Release|x64.Build.0 = Release|Any CPU
		{F3A94DE2-1872-450C-B338-B0903B610885}.Release|x86.ActiveCfg = Release|Any CPU
		{F3A94DE2-1872-450C-B338-B0903B610885}.Release|x86.Build.0 = Release|Any CPU
		{8FA1CDB2-A230-4CF4-845A-23E2AEADA0DD}.Debug|Any CPU.ActiveCfg = Debug|Any CPU
		{8FA1CDB2-A230-4CF4-845A-23E2AEADA0DD}.Debug|Any CPU.Build.0 = Debug|Any CPU
		{8FA1CDB2-A230-4CF4-845A-23E2AEADA0DD}.Debug|x64.ActiveCfg = Debug|Any CPU
		{8FA1CDB2-A230-4CF4-845A-23E2AEADA0DD}.Debug|x64.Build.0 = Debug|Any CPU
		{8FA1CDB2-A230-4CF4-845A-23E2AEADA0DD}.Debug|x86.ActiveCfg = Debug|Any CPU
		{8FA1CDB2-A230-4CF4-845A-23E2AEADA0DD}.Debug|x86.Build.0 = Debug|Any CPU
		{8FA1CDB2-A230-4CF4-845A-23E2AEADA0DD}.Release|Any CPU.ActiveCfg = Release|Any CPU
		{8FA1CDB2-A230-4CF4-845A-23E2AEADA0DD}.Release|Any CPU.Build.0 = Release|Any CPU
		{8FA1CDB2-A230-4CF4-845A-23E2AEADA0DD}.Release|x64.ActiveCfg = Release|Any CPU
		{8FA1CDB2-A230-4CF4-845A-23E2AEADA0DD}.Release|x64.Build.0 = Release|Any CPU
		{8FA1CDB2-A230-4CF4-845A-23E2AEADA0DD}.Release|x86.ActiveCfg = Release|Any CPU
		{8FA1CDB2-A230-4CF4-845A-23E2AEADA0DD}.Release|x86.Build.0 = Release|Any CPU
		{4797CE25-342E-4CDE-8530-E0639EAFF9AB}.Debug|Any CPU.ActiveCfg = Debug|Any CPU
		{4797CE25-342E-4CDE-8530-E0639EAFF9AB}.Debug|Any CPU.Build.0 = Debug|Any CPU
		{4797CE25-342E-4CDE-8530-E0639EAFF9AB}.Debug|x64.ActiveCfg = Debug|Any CPU
		{4797CE25-342E-4CDE-8530-E0639EAFF9AB}.Debug|x64.Build.0 = Debug|Any CPU
		{4797CE25-342E-4CDE-8530-E0639EAFF9AB}.Debug|x86.ActiveCfg = Debug|Any CPU
		{4797CE25-342E-4CDE-8530-E0639EAFF9AB}.Debug|x86.Build.0 = Debug|Any CPU
		{4797CE25-342E-4CDE-8530-E0639EAFF9AB}.Release|Any CPU.ActiveCfg = Release|Any CPU
		{4797CE25-342E-4CDE-8530-E0639EAFF9AB}.Release|Any CPU.Build.0 = Release|Any CPU
		{4797CE25-342E-4CDE-8530-E0639EAFF9AB}.Release|x64.ActiveCfg = Release|Any CPU
		{4797CE25-342E-4CDE-8530-E0639EAFF9AB}.Release|x64.Build.0 = Release|Any CPU
		{4797CE25-342E-4CDE-8530-E0639EAFF9AB}.Release|x86.ActiveCfg = Release|Any CPU
		{4797CE25-342E-4CDE-8530-E0639EAFF9AB}.Release|x86.Build.0 = Release|Any CPU
		{4CD1B27C-AA9F-4EC2-846E-615BAA3F096E}.Debug|Any CPU.ActiveCfg = Debug|Any CPU
		{4CD1B27C-AA9F-4EC2-846E-615BAA3F096E}.Debug|Any CPU.Build.0 = Debug|Any CPU
		{4CD1B27C-AA9F-4EC2-846E-615BAA3F096E}.Debug|x64.ActiveCfg = Debug|Any CPU
		{4CD1B27C-AA9F-4EC2-846E-615BAA3F096E}.Debug|x64.Build.0 = Debug|Any CPU
		{4CD1B27C-AA9F-4EC2-846E-615BAA3F096E}.Debug|x86.ActiveCfg = Debug|Any CPU
		{4CD1B27C-AA9F-4EC2-846E-615BAA3F096E}.Debug|x86.Build.0 = Debug|Any CPU
		{4CD1B27C-AA9F-4EC2-846E-615BAA3F096E}.Release|Any CPU.ActiveCfg = Release|Any CPU
		{4CD1B27C-AA9F-4EC2-846E-615BAA3F096E}.Release|Any CPU.Build.0 = Release|Any CPU
		{4CD1B27C-AA9F-4EC2-846E-615BAA3F096E}.Release|x64.ActiveCfg = Release|Any CPU
		{4CD1B27C-AA9F-4EC2-846E-615BAA3F096E}.Release|x64.Build.0 = Release|Any CPU
		{4CD1B27C-AA9F-4EC2-846E-615BAA3F096E}.Release|x86.ActiveCfg = Release|Any CPU
		{4CD1B27C-AA9F-4EC2-846E-615BAA3F096E}.Release|x86.Build.0 = Release|Any CPU
		{DBB6B13A-5D21-4CE2-853A-82215AE58D6F}.Debug|Any CPU.ActiveCfg = Debug|Any CPU
		{DBB6B13A-5D21-4CE2-853A-82215AE58D6F}.Debug|Any CPU.Build.0 = Debug|Any CPU
		{DBB6B13A-5D21-4CE2-853A-82215AE58D6F}.Debug|x64.ActiveCfg = Debug|Any CPU
		{DBB6B13A-5D21-4CE2-853A-82215AE58D6F}.Debug|x64.Build.0 = Debug|Any CPU
		{DBB6B13A-5D21-4CE2-853A-82215AE58D6F}.Debug|x86.ActiveCfg = Debug|Any CPU
		{DBB6B13A-5D21-4CE2-853A-82215AE58D6F}.Debug|x86.Build.0 = Debug|Any CPU
		{DBB6B13A-5D21-4CE2-853A-82215AE58D6F}.Release|Any CPU.ActiveCfg = Release|Any CPU
		{DBB6B13A-5D21-4CE2-853A-82215AE58D6F}.Release|Any CPU.Build.0 = Release|Any CPU
		{DBB6B13A-5D21-4CE2-853A-82215AE58D6F}.Release|x64.ActiveCfg = Release|Any CPU
		{DBB6B13A-5D21-4CE2-853A-82215AE58D6F}.Release|x64.Build.0 = Release|Any CPU
		{DBB6B13A-5D21-4CE2-853A-82215AE58D6F}.Release|x86.ActiveCfg = Release|Any CPU
		{DBB6B13A-5D21-4CE2-853A-82215AE58D6F}.Release|x86.Build.0 = Release|Any CPU
	EndGlobalSection
	GlobalSection(SolutionProperties) = preSolution
		HideSolutionNode = FALSE
	EndGlobalSection
	GlobalSection(NestedProjects) = preSolution
		{25A22B28-88B2-462A-BC22-55590B1A58C1} = {827E0CD3-B72D-47B6-A68D-7590B98EB39B}
		{929929C7-B511-4991-BB27-AEAC01F8AA48} = {0AB3BF05-4346-4AA6-1389-037BE0695223}
		{9E2E0533-57D0-4249-AF0A-B1B994FEEB87} = {66320409-64EC-F7C5-3DEF-65E7510DAAD1}
		{7B3A5E30-3CEE-41E4-A676-70781F9C2511} = {B36A84DF-456D-A817-6EDD-3EC3E7F6E11F}
		{F3A94DE2-1872-450C-B338-B0903B610885} = {B36A84DF-456D-A817-6EDD-3EC3E7F6E11F}
		{8FA1CDB2-A230-4CF4-845A-23E2AEADA0DD} = {B36A84DF-456D-A817-6EDD-3EC3E7F6E11F}
		{4797CE25-342E-4CDE-8530-E0639EAFF9AB} = {B36A84DF-456D-A817-6EDD-3EC3E7F6E11F}
		{4CD1B27C-AA9F-4EC2-846E-615BAA3F096E} = {B36A84DF-456D-A817-6EDD-3EC3E7F6E11F}
		{DBB6B13A-5D21-4CE2-853A-82215AE58D6F} = {B36A84DF-456D-A817-6EDD-3EC3E7F6E11F}
	EndGlobalSection
EndGlobal
